
Microsoft Visual Studio Solution File, Format Version 12.00
# Visual Studio 15
Project("{FAE04EC0-301F-11D3-BF4B-00C04F79EFBC}") = "Assembly-CSharp", "Assembly-CSharp.csproj", "{00D11490-9928-50E4-A85F-C91719B9ADFA}"
EndProject
Project("{FAE04EC0-301F-11D3-BF4B-00C04F79EFBC}") = "Assembly-CSharp-Editor", "Assembly-CSharp-Editor.csproj", "{A9574D8C-05B4-3E91-D9C7-A428E02E80F8}"
EndProject
Global
	GlobalSection(SolutionConfigurationPlatforms) = preSolution
		Debug|Any CPU = Debug|Any CPU
		Release|Any CPU = Release|Any CPU
	EndGlobalSection
	GlobalSection(ProjectConfigurationPlatforms) = postSolution
		{00D11490-9928-50E4-A85F-C91719B9ADFA}.Debug|Any CPU.ActiveCfg = Debug|Any CPU
		{00D11490-9928-50E4-A85F-C91719B9ADFA}.Debug|Any CPU.Build.0 = Debug|Any CPU
		{00D11490-9928-50E4-A85F-C91719B9ADFA}.Release|Any CPU.ActiveCfg = Release|Any CPU
		{00D11490-9928-50E4-A85F-C91719B9ADFA}.Release|Any CPU.Build.0 = Release|Any CPU
		{A9574D8C-05B4-3E91-D9C7-A428E02E80F8}.Debug|Any CPU.ActiveCfg = Debug|Any CPU
		{A9574D8C-05B4-3E91-D9C7-A428E02E80F8}.Debug|Any CPU.Build.0 = Debug|Any CPU
		{A9574D8C-05B4-3E91-D9C7-A428E02E80F8}.Release|Any CPU.ActiveCfg = Release|Any CPU
		{A9574D8C-05B4-3E91-D9C7-A428E02E80F8}.Release|Any CPU.Build.0 = Release|Any CPU
	EndGlobalSection
	GlobalSection(SolutionProperties) = preSolution
		HideSolutionNode = FALSE
	EndGlobalSection
EndGlobal
